
Microsoft Visual Studio Solution File, Format Version 12.00
# Visual Studio Version 16
VisualStudioVersion = 16.0.29509.3
MinimumVisualStudioVersion = 10.0.40219.1
Project("{8BC9CEB8-8B4A-11D0-8D11-00A0C91BC942}") = "FolderInspector", "FolderInspector\FolderInspector.vcxproj", "{86620B65-BAB4-46E5-8652-B713388C30DC}"
EndProject
Global
	GlobalSection(SolutionConfigurationPlatforms) = preSolution
		Debug|x64 = Debug|x64
		Debug|x86 = Debug|x86
		Release|x64 = Release|x64
		Release|x86 = Release|x86
	EndGlobalSection
	GlobalSection(ProjectConfigurationPlatforms) = postSolution
		{86620B65-BAB4-46E5-8652-B713388C30DC}.Debug|x64.ActiveCfg = Debug|x64
		{86620B65-BAB4-46E5-8652-B713388C30DC}.Debug|x64.Build.0 = Debug|x64
		{86620B65-BAB4-46E5-8652-B713388C30DC}.Debug|x86.ActiveCfg = Debug|Win32
		{86620B65-BAB4-46E5-8652-B713388C30DC}.Debug|x86.Build.0 = Debug|Win32
		{86620B65-BAB4-46E5-8652-B713388C30DC}.Release|x64.ActiveCfg = Release|x64
		{86620B65-BAB4-46E5-8652-B713388C30DC}.Release|x64.Build.0 = Release|x64
		{86620B65-BAB4-46E5-8652-B713388C30DC}.Release|x86.ActiveCfg = Release|Win32
		{86620B65-BAB4-46E5-8652-B713388C30DC}.Release|x86.Build.0 = Release|Win32
	EndGlobalSection
	GlobalSection(SolutionProperties) = preSolution
		HideSolutionNode = FALSE
	EndGlobalSection
	GlobalSection(ExtensibilityGlobals) = postSolution
		SolutionGuid = {44B94A93-8419-4939-A8DB-82C078992916}
	EndGlobalSection
EndGlobal
